
Microsoft Visual Studio Solution File, Format Version 12.00
# Visual Studio Version 16
VisualStudioVersion = 16.0.31129.286
MinimumVisualStudioVersion = 10.0.40219.1
Project("{FAE04EC0-301F-11D3-BF4B-00C04F79EFBC}") = "English_Workbook_CSharp", "English_Workbook_CSharp\English_Workbook_CSharp.csproj", "{B6001B5A-ECE4-4C8D-BE16-433165171736}"
EndProject
Global
	GlobalSection(SolutionConfigurationPlatforms) = preSolution
		Debug|Any CPU = Debug|Any CPU
		Release|Any CPU = Release|Any CPU
	EndGlobalSection
	GlobalSection(ProjectConfigurationPlatforms) = postSolution
		{B6001B5A-ECE4-4C8D-BE16-433165171736}.Debug|Any CPU.ActiveCfg = Debug|Any CPU
		{B6001B5A-ECE4-4C8D-BE16-433165171736}.Debug|Any CPU.Build.0 = Debug|Any CPU
		{B6001B5A-ECE4-4C8D-BE16-433165171736}.Release|Any CPU.ActiveCfg = Release|Any CPU
		{B6001B5A-ECE4-4C8D-BE16-433165171736}.Release|Any CPU.Build.0 = Release|Any CPU
	EndGlobalSection
	GlobalSection(SolutionProperties) = preSolution
		HideSolutionNode = FALSE
	EndGlobalSection
	GlobalSection(ExtensibilityGlobals) = postSolution
		SolutionGuid = {4243898E-759E-41A5-A024-F9B2D96FD335}
	EndGlobalSection
EndGlobal
